{
  "version": "3",
  "packages": {
    "specifiers": {
      "npm:@types/bun@latest": "npm:@types/bun@1.1.9",
      "npm:clsx@^2.1.1": "npm:clsx@2.1.1",
      "npm:hono@^4.6.2": "npm:hono@4.6.2",
      "npm:tailwind-merge@^2.5.2": "npm:tailwind-merge@2.5.2"
    },
    "npm": {
      "@types/bun@1.1.9": {
        "integrity": "sha512-SXJRejXpmAc3qxyN/YS4/JGWEzLf4dDBa5fLtRDipQXHqNccuMU4EUYCooXNTsylG0DmwFQsGgEDHxZF+3DqRw==",
        "dependencies": {
          "bun-types": "bun-types@1.1.27"
        }
      },
      "@types/node@18.16.19": {
        "integrity": "sha512-IXl7o+R9iti9eBW4Wg2hx1xQDig183jj7YLn8F7udNceyfkbn1ZxmzZXuak20gR40D7pIkIY1kYGx5VIGbaHKA==",
        "dependencies": {}
      },
      "@types/node@20.12.14": {
        "integrity": "sha512-scnD59RpYD91xngrQQLGkE+6UrHUPzeKZWhhjBSa3HSkwjbQc38+q3RoIVEwxQGRw3M+j5hpNAM+lgV3cVormg==",
        "dependencies": {
          "undici-types": "undici-types@5.26.5"
        }
      },
      "@types/ws@8.5.12": {
        "integrity": "sha512-3tPRkv1EtkDpzlgyKyI8pGsGZAGPEaXeu0DOj5DI25Ja91bdAYddYHbADRYVrZMRbfW+1l5YwXVDKohDJNQxkQ==",
        "dependencies": {
          "@types/node": "@types/node@18.16.19"
        }
      },
      "bun-types@1.1.27": {
        "integrity": "sha512-rHXAiIDefeMS/fleNM1rRDYqolJGNRdch3+AuCRwcZWaqTa1vjGBNsahH/HVV7Y82frllYhJomCVSEiHzLzkgg==",
        "dependencies": {
          "@types/node": "@types/node@20.12.14",
          "@types/ws": "@types/ws@8.5.12"
        }
      },
      "clsx@2.1.1": {
        "integrity": "sha512-eYm0QWBtUrBWZWG0d386OGAw16Z995PiOVo2B7bjWSbHedGl5e0ZWaq65kOGgUSNesEIDkB9ISbTg/JK9dhCZA==",
        "dependencies": {}
      },
      "hono@4.6.2": {
        "integrity": "sha512-v+39817TgAhetmHUEli8O0uHDmxp2Up3DnhS4oUZXOl5IQ9np9tYtldd42e5zgdLVS0wsOoXQNZ6mx+BGmEvCA==",
        "dependencies": {}
      },
      "tailwind-merge@2.5.2": {
        "integrity": "sha512-kjEBm+pvD+6eAwzJL2Bi+02/9LFLal1Gs61+QB7HvTfQQ0aXwC5LGT8PEt1gS0CWKktKe6ysPTAy3cBC5MeiIg==",
        "dependencies": {}
      },
      "undici-types@5.26.5": {
        "integrity": "sha512-JlCMO+ehdEIKqlFxk6IfVoAUVmgz7cU7zD/h9XZ0qzeosSHmUJVOzSQvvYSYWXkFXC+IfLKSIffhv0sVZup6pA==",
        "dependencies": {}
      }
    }
  },
  "remote": {}
}
